
Microsoft Visual Studio Solution File, Format Version 12.00
# Visual Studio Version 17
VisualStudioVersion = 17.1.32407.343
MinimumVisualStudioVersion = 10.0.40219.1
Project("{FAE04EC0-301F-11D3-BF4B-00C04F79EFBC}") = "CG_Kuerteil", "CG_Kuerteil\CG_Kuerteil.csproj", "{1D5EBEC5-4C83-4682-9B0D-D78F60825AD3}"
EndProject
Global
	GlobalSection(SolutionConfigurationPlatforms) = preSolution
		Debug|Any CPU = Debug|Any CPU
		Release|Any CPU = Release|Any CPU
	EndGlobalSection
	GlobalSection(ProjectConfigurationPlatforms) = postSolution
		{1D5EBEC5-4C83-4682-9B0D-D78F60825AD3}.Debug|Any CPU.ActiveCfg = Debug|Any CPU
		{1D5EBEC5-4C83-4682-9B0D-D78F60825AD3}.Debug|Any CPU.Build.0 = Debug|Any CPU
		{1D5EBEC5-4C83-4682-9B0D-D78F60825AD3}.Release|Any CPU.ActiveCfg = Release|Any CPU
		{1D5EBEC5-4C83-4682-9B0D-D78F60825AD3}.Release|Any CPU.Build.0 = Release|Any CPU
	EndGlobalSection
	GlobalSection(SolutionProperties) = preSolution
		HideSolutionNode = FALSE
	EndGlobalSection
	GlobalSection(ExtensibilityGlobals) = postSolution
		SolutionGuid = {65135BBD-F18B-4CD7-B1EC-2BA0A76A6E5C}
	EndGlobalSection
EndGlobal
